
Microsoft Visual Studio Solution File, Format Version 12.00
# Visual Studio Version 17
VisualStudioVersion = 17.8.34330.188
MinimumVisualStudioVersion = 10.0.40219.1
Project("{9A19103F-16F7-4668-BE54-9A1E7A4F7556}") = "BulkyMvcDotNet", "BulkyMvcDotNet\BulkyMvcDotNet.csproj", "{DC29E3C6-8E49-4C5D-B290-494206F55E00}"
EndProject
Project("{9A19103F-16F7-4668-BE54-9A1E7A4F7556}") = "BulkyRazor", "BulkyRazor\BulkyRazor.csproj", "{481188A0-3FF3-4BB6-8FBC-6F9563049B97}"
EndProject
Project("{FAE04EC0-301F-11D3-BF4B-00C04F79EFBC}") = "Bulky.DataAccess", "Bulky.DataAccess\Bulky.DataAccess.csproj", "{7EAB5387-1FF8-4FC9-BF49-34F7A8AA5D01}"
EndProject
Project("{FAE04EC0-301F-11D3-BF4B-00C04F79EFBC}") = "Bulky.Models", "Bulky.Models\Bulky.Models.csproj", "{20FFB9E8-C6E0-4AFA-B78F-58D3BE6DA4ED}"
EndProject
Project("{FAE04EC0-301F-11D3-BF4B-00C04F79EFBC}") = "Bulky.Utility", "Bulky.Utility\Bulky.Utility.csproj", "{4B679DA6-43B0-4BB2-9904-7F33A92DB565}"
EndProject
Global
	GlobalSection(SolutionConfigurationPlatforms) = preSolution
		Debug|Any CPU = Debug|Any CPU
		Release|Any CPU = Release|Any CPU
	EndGlobalSection
	GlobalSection(ProjectConfigurationPlatforms) = postSolution
		{DC29E3C6-8E49-4C5D-B290-494206F55E00}.Debug|Any CPU.ActiveCfg = Debug|Any CPU
		{DC29E3C6-8E49-4C5D-B290-494206F55E00}.Debug|Any CPU.Build.0 = Debug|Any CPU
		{DC29E3C6-8E49-4C5D-B290-494206F55E00}.Release|Any CPU.ActiveCfg = Release|Any CPU
		{DC29E3C6-8E49-4C5D-B290-494206F55E00}.Release|Any CPU.Build.0 = Release|Any CPU
		{481188A0-3FF3-4BB6-8FBC-6F9563049B97}.Debug|Any CPU.ActiveCfg = Debug|Any CPU
		{481188A0-3FF3-4BB6-8FBC-6F9563049B97}.Debug|Any CPU.Build.0 = Debug|Any CPU
		{481188A0-3FF3-4BB6-8FBC-6F9563049B97}.Release|Any CPU.ActiveCfg = Release|Any CPU
		{481188A0-3FF3-4BB6-8FBC-6F9563049B97}.Release|Any CPU.Build.0 = Release|Any CPU
		{7EAB5387-1FF8-4FC9-BF49-34F7A8AA5D01}.Debug|Any CPU.ActiveCfg = Debug|Any CPU
		{7EAB5387-1FF8-4FC9-BF49-34F7A8AA5D01}.Debug|Any CPU.Build.0 = Debug|Any CPU
		{7EAB5387-1FF8-4FC9-BF49-34F7A8AA5D01}.Release|Any CPU.ActiveCfg = Release|Any CPU
		{7EAB5387-1FF8-4FC9-BF49-34F7A8AA5D01}.Release|Any CPU.Build.0 = Release|Any CPU
		{20FFB9E8-C6E0-4AFA-B78F-58D3BE6DA4ED}.Debug|Any CPU.ActiveCfg = Debug|Any CPU
		{20FFB9E8-C6E0-4AFA-B78F-58D3BE6DA4ED}.Debug|Any CPU.Build.0 = Debug|Any CPU
		{20FFB9E8-C6E0-4AFA-B78F-58D3BE6DA4ED}.Release|Any CPU.ActiveCfg = Release|Any CPU
		{20FFB9E8-C6E0-4AFA-B78F-58D3BE6DA4ED}.Release|Any CPU.Build.0 = Release|Any CPU
		{4B679DA6-43B0-4BB2-9904-7F33A92DB565}.Debug|Any CPU.ActiveCfg = Debug|Any CPU
		{4B679DA6-43B0-4BB2-9904-7F33A92DB565}.Debug|Any CPU.Build.0 = Debug|Any CPU
		{4B679DA6-43B0-4BB2-9904-7F33A92DB565}.Release|Any CPU.ActiveCfg = Release|Any CPU
		{4B679DA6-43B0-4BB2-9904-7F33A92DB565}.Release|Any CPU.Build.0 = Release|Any CPU
	EndGlobalSection
	GlobalSection(SolutionProperties) = preSolution
		HideSolutionNode = FALSE
	EndGlobalSection
	GlobalSection(ExtensibilityGlobals) = postSolution
		SolutionGuid = {36AFC9DB-5B6B-40DC-8BAC-15B2CCFD67E2}
	EndGlobalSection
EndGlobal
